
Microsoft Visual Studio Solution File, Format Version 12.00
# Visual Studio Version 17
VisualStudioVersion = 17.11.35312.102
MinimumVisualStudioVersion = 10.0.40219.1
Project("{FAE04EC0-301F-11D3-BF4B-00C04F79EFBC}") = "Compatibilidade", "Compatibilidade\Compatibilidade.csproj", "{930D04C1-6F03-43D4-9116-F58E24899065}"
EndProject
Project("{2150E333-8FDC-42A3-9474-1A3956D46DE8}") = "Itens de Solução", "Itens de Solução", "{777D1F9E-CF35-488E-89EC-790BA4279F51}"
	ProjectSection(SolutionItems) = preProject
		Logica de compatibilidade.cs = Logica de compatibilidade.cs
	EndProjectSection
EndProject
Global
	GlobalSection(SolutionConfigurationPlatforms) = preSolution
		Debug|Any CPU = Debug|Any CPU
		Release|Any CPU = Release|Any CPU
	EndGlobalSection
	GlobalSection(ProjectConfigurationPlatforms) = postSolution
		{930D04C1-6F03-43D4-9116-F58E24899065}.Debug|Any CPU.ActiveCfg = Debug|Any CPU
		{930D04C1-6F03-43D4-9116-F58E24899065}.Debug|Any CPU.Build.0 = Debug|Any CPU
		{930D04C1-6F03-43D4-9116-F58E24899065}.Release|Any CPU.ActiveCfg = Release|Any CPU
		{930D04C1-6F03-43D4-9116-F58E24899065}.Release|Any CPU.Build.0 = Release|Any CPU
	EndGlobalSection
	GlobalSection(SolutionProperties) = preSolution
		HideSolutionNode = FALSE
	EndGlobalSection
	GlobalSection(ExtensibilityGlobals) = postSolution
		SolutionGuid = {E1F22433-AB9E-4DAE-8D71-63E6243BEF4B}
	EndGlobalSection
EndGlobal
